
Microsoft Visual Studio Solution File, Format Version 12.00
# Visual Studio Version 17
VisualStudioVersion = 17.7.34031.279
MinimumVisualStudioVersion = 10.0.40219.1
Project("{FAE04EC0-301F-11D3-BF4B-00C04F79EFBC}") = "Warriors", "Warriors\Warriors.csproj", "{87AFF39C-E9C0-4143-8F6D-A27AFCB7A997}"
EndProject
Global
	GlobalSection(SolutionConfigurationPlatforms) = preSolution
		Debug|Any CPU = Debug|Any CPU
		Release|Any CPU = Release|Any CPU
	EndGlobalSection
	GlobalSection(ProjectConfigurationPlatforms) = postSolution
		{87AFF39C-E9C0-4143-8F6D-A27AFCB7A997}.Debug|Any CPU.ActiveCfg = Debug|Any CPU
		{87AFF39C-E9C0-4143-8F6D-A27AFCB7A997}.Debug|Any CPU.Build.0 = Debug|Any CPU
		{87AFF39C-E9C0-4143-8F6D-A27AFCB7A997}.Release|Any CPU.ActiveCfg = Release|Any CPU
		{87AFF39C-E9C0-4143-8F6D-A27AFCB7A997}.Release|Any CPU.Build.0 = Release|Any CPU
	EndGlobalSection
	GlobalSection(SolutionProperties) = preSolution
		HideSolutionNode = FALSE
	EndGlobalSection
	GlobalSection(ExtensibilityGlobals) = postSolution
		SolutionGuid = {3541DC5A-1960-481A-B0B7-5FF0694545CA}
	EndGlobalSection
EndGlobal
